
Microsoft Visual Studio Solution File, Format Version 12.00
# Visual Studio Version 17
VisualStudioVersion = 17.1.32210.238
MinimumVisualStudioVersion = 10.0.40219.1
Project("{FAE04EC0-301F-11D3-BF4B-00C04F79EFBC}") = "GridMatrix", "GridMatrix.csproj", "{029A8854-04FC-4CE2-8B66-AEDEC8BA4155}"
EndProject
Global
	GlobalSection(SolutionConfigurationPlatforms) = preSolution
		Debug|Any CPU = Debug|Any CPU
		Release|Any CPU = Release|Any CPU
	EndGlobalSection
	GlobalSection(ProjectConfigurationPlatforms) = postSolution
		{029A8854-04FC-4CE2-8B66-AEDEC8BA4155}.Debug|Any CPU.ActiveCfg = Debug|Any CPU
		{029A8854-04FC-4CE2-8B66-AEDEC8BA4155}.Debug|Any CPU.Build.0 = Debug|Any CPU
		{029A8854-04FC-4CE2-8B66-AEDEC8BA4155}.Release|Any CPU.ActiveCfg = Release|Any CPU
		{029A8854-04FC-4CE2-8B66-AEDEC8BA4155}.Release|Any CPU.Build.0 = Release|Any CPU
	EndGlobalSection
	GlobalSection(SolutionProperties) = preSolution
		HideSolutionNode = FALSE
	EndGlobalSection
	GlobalSection(ExtensibilityGlobals) = postSolution
		SolutionGuid = {E6E0B98C-70FE-4AAF-AA1E-C649C6E62208}
	EndGlobalSection
EndGlobal
